
Microsoft Visual Studio Solution File, Format Version 12.00
# Visual Studio 15
VisualStudioVersion = 15.0.28307.136
MinimumVisualStudioVersion = 10.0.40219.1
Project("{9A19103F-16F7-4668-BE54-9A1E7A4F7556}") = "AudiobookLibrary.Core", "AudiobookLibrary.Core\AudiobookLibrary.Core.csproj", "{412D7380-52F9-4120-B57B-F1B30AF8CDCA}"
EndProject
Project("{9A19103F-16F7-4668-BE54-9A1E7A4F7556}") = "AudiobookLibrary.Web", "AudiobookLibrary.Web\AudiobookLibrary.Web.csproj", "{A9D71356-35E2-435D-A9E6-E79B09DF2CA7}"
EndProject
Project("{FAE04EC0-301F-11D3-BF4B-00C04F79EFBC}") = "AudiobookLibrary.Test", "AudiobookLibrary.Test\AudiobookLibrary.Test.csproj", "{77DF7DE5-475E-4A2B-8B26-0E313627F451}"
EndProject
Global
	GlobalSection(SolutionConfigurationPlatforms) = preSolution
		Debug|Any CPU = Debug|Any CPU
		Release|Any CPU = Release|Any CPU
	EndGlobalSection
	GlobalSection(ProjectConfigurationPlatforms) = postSolution
		{412D7380-52F9-4120-B57B-F1B30AF8CDCA}.Debug|Any CPU.ActiveCfg = Debug|Any CPU
		{412D7380-52F9-4120-B57B-F1B30AF8CDCA}.Debug|Any CPU.Build.0 = Debug|Any CPU
		{412D7380-52F9-4120-B57B-F1B30AF8CDCA}.Release|Any CPU.ActiveCfg = Release|Any CPU
		{412D7380-52F9-4120-B57B-F1B30AF8CDCA}.Release|Any CPU.Build.0 = Release|Any CPU
		{A9D71356-35E2-435D-A9E6-E79B09DF2CA7}.Debug|Any CPU.ActiveCfg = Debug|Any CPU
		{A9D71356-35E2-435D-A9E6-E79B09DF2CA7}.Debug|Any CPU.Build.0 = Debug|Any CPU
		{A9D71356-35E2-435D-A9E6-E79B09DF2CA7}.Release|Any CPU.ActiveCfg = Release|Any CPU
		{A9D71356-35E2-435D-A9E6-E79B09DF2CA7}.Release|Any CPU.Build.0 = Release|Any CPU
		{77DF7DE5-475E-4A2B-8B26-0E313627F451}.Debug|Any CPU.ActiveCfg = Debug|Any CPU
		{77DF7DE5-475E-4A2B-8B26-0E313627F451}.Debug|Any CPU.Build.0 = Debug|Any CPU
		{77DF7DE5-475E-4A2B-8B26-0E313627F451}.Release|Any CPU.ActiveCfg = Release|Any CPU
		{77DF7DE5-475E-4A2B-8B26-0E313627F451}.Release|Any CPU.Build.0 = Release|Any CPU
	EndGlobalSection
	GlobalSection(SolutionProperties) = preSolution
		HideSolutionNode = FALSE
	EndGlobalSection
	GlobalSection(ExtensibilityGlobals) = postSolution
		SolutionGuid = {7A3E5BD9-EEA7-43B5-BA13-B3916F92A0EA}
	EndGlobalSection
EndGlobal
